
Microsoft Visual Studio Solution File, Format Version 12.00
# Visual Studio Version 16
VisualStudioVersion = 16.0.30611.23
MinimumVisualStudioVersion = 10.0.40219.1
Project("{FAE04EC0-301F-11D3-BF4B-00C04F79EFBC}") = "RentABike", "RentABike\RentABike.csproj", "{42ECD2D9-AAFD-423F-829C-CC1E66D06D91}"
EndProject
Project("{FAE04EC0-301F-11D3-BF4B-00C04F79EFBC}") = "DataAccessLayer", "DataAccessLayer\DataAccessLayer.csproj", "{2E97EF1D-FB32-44E7-BC14-D2F75EA4DD55}"
EndProject
Project("{FAE04EC0-301F-11D3-BF4B-00C04F79EFBC}") = "BusinessLayer", "BusinessLayer\BusinessLayer.csproj", "{61205097-C6AB-453E-8955-703156A41872}"
EndProject
Project("{FAE04EC0-301F-11D3-BF4B-00C04F79EFBC}") = "RENT-A-BIKE-WEB", "RENT-A-BIKE-WEB\RENT-A-BIKE-WEB.csproj", "{9FD7351E-3131-4E75-A2B9-00BB02315CE7}"
EndProject
Project("{FAE04EC0-301F-11D3-BF4B-00C04F79EFBC}") = "DataAccessLayerTests", "DataAccessLayerTests\DataAccessLayerTests.csproj", "{4B0DC0C7-5067-47ED-AA28-2AC8B0E55E12}"
EndProject
Global
	GlobalSection(SolutionConfigurationPlatforms) = preSolution
		Debug|Any CPU = Debug|Any CPU
		Release|Any CPU = Release|Any CPU
	EndGlobalSection
	GlobalSection(ProjectConfigurationPlatforms) = postSolution
		{42ECD2D9-AAFD-423F-829C-CC1E66D06D91}.Debug|Any CPU.ActiveCfg = Debug|Any CPU
		{42ECD2D9-AAFD-423F-829C-CC1E66D06D91}.Debug|Any CPU.Build.0 = Debug|Any CPU
		{42ECD2D9-AAFD-423F-829C-CC1E66D06D91}.Release|Any CPU.ActiveCfg = Release|Any CPU
		{42ECD2D9-AAFD-423F-829C-CC1E66D06D91}.Release|Any CPU.Build.0 = Release|Any CPU
		{2E97EF1D-FB32-44E7-BC14-D2F75EA4DD55}.Debug|Any CPU.ActiveCfg = Debug|Any CPU
		{2E97EF1D-FB32-44E7-BC14-D2F75EA4DD55}.Debug|Any CPU.Build.0 = Debug|Any CPU
		{2E97EF1D-FB32-44E7-BC14-D2F75EA4DD55}.Release|Any CPU.ActiveCfg = Release|Any CPU
		{2E97EF1D-FB32-44E7-BC14-D2F75EA4DD55}.Release|Any CPU.Build.0 = Release|Any CPU
		{61205097-C6AB-453E-8955-703156A41872}.Debug|Any CPU.ActiveCfg = Debug|Any CPU
		{61205097-C6AB-453E-8955-703156A41872}.Debug|Any CPU.Build.0 = Debug|Any CPU
		{61205097-C6AB-453E-8955-703156A41872}.Release|Any CPU.ActiveCfg = Release|Any CPU
		{61205097-C6AB-453E-8955-703156A41872}.Release|Any CPU.Build.0 = Release|Any CPU
		{9FD7351E-3131-4E75-A2B9-00BB02315CE7}.Debug|Any CPU.ActiveCfg = Debug|Any CPU
		{9FD7351E-3131-4E75-A2B9-00BB02315CE7}.Debug|Any CPU.Build.0 = Debug|Any CPU
		{9FD7351E-3131-4E75-A2B9-00BB02315CE7}.Release|Any CPU.ActiveCfg = Release|Any CPU
		{9FD7351E-3131-4E75-A2B9-00BB02315CE7}.Release|Any CPU.Build.0 = Release|Any CPU
		{4B0DC0C7-5067-47ED-AA28-2AC8B0E55E12}.Debug|Any CPU.ActiveCfg = Debug|Any CPU
		{4B0DC0C7-5067-47ED-AA28-2AC8B0E55E12}.Debug|Any CPU.Build.0 = Debug|Any CPU
		{4B0DC0C7-5067-47ED-AA28-2AC8B0E55E12}.Release|Any CPU.ActiveCfg = Release|Any CPU
		{4B0DC0C7-5067-47ED-AA28-2AC8B0E55E12}.Release|Any CPU.Build.0 = Release|Any CPU
	EndGlobalSection
	GlobalSection(SolutionProperties) = preSolution
		HideSolutionNode = FALSE
	EndGlobalSection
	GlobalSection(ExtensibilityGlobals) = postSolution
		SolutionGuid = {31D68385-6435-4470-937F-DBDD0B9DC6E2}
	EndGlobalSection
EndGlobal
